// !$*UTF8*$!
{
	archiveVersion = 1;
	classes = {
	};
	objectVersion = 46;
	objects = {

/* Begin PBXBuildFile section */
		EA88A0521E776D1700A2B9B6 /* EngineGLFWInitializer.cpp in Sources */ = {isa = PBXBuildFile; fileRef = EA88A0501E776D1700A2B9B6 /* EngineGLFWInitializer.cpp */; };
		EA88A0561E7779C100A2B9B6 /* EngineObjectPool.cpp in Sources */ = {isa = PBXBuildFile; fileRef = EA88A0541E7779C100A2B9B6 /* EngineObjectPool.cpp */; };
		EABCC9E01E442D76008A9484 /* main.cpp in Sources */ = {isa = PBXBuildFile; fileRef = EABCC9DF1E442D76008A9484 /* main.cpp */; };
		EABCC9E81E442E57008A9484 /* OpenGL.framework in Frameworks */ = {isa = PBXBuildFile; fileRef = EABCC9E71E442E57008A9484 /* OpenGL.framework */; };
		EABCC9EA1E4432D9008A9484 /* libglfw.3.2.dylib in Frameworks */ = {isa = PBXBuildFile; fileRef = EABCC9E91E4432D9008A9484 /* libglfw.3.2.dylib */; };
		EABCC9EC1E4432F2008A9484 /* libGLEW.2.0.0.dylib in Frameworks */ = {isa = PBXBuildFile; fileRef = EABCC9EB1E4432F2008A9484 /* libGLEW.2.0.0.dylib */; };
/* End PBXBuildFile section */

/* Begin PBXCopyFilesBuildPhase section */
		EABCC9DA1E442D76008A9484 /* CopyFiles */ = {
			isa = PBXCopyFilesBuildPhase;
			buildActionMask = 2147483647;
			dstPath = /usr/share/man/man1/;
			dstSubfolderSpec = 0;
			files = (
			);
			runOnlyForDeploymentPostprocessing = 1;
		};
/* End PBXCopyFilesBuildPhase section */

/* Begin PBXFileReference section */
		EA88A0501E776D1700A2B9B6 /* EngineGLFWInitializer.cpp */ = {isa = PBXFileReference; fileEncoding = 4; lastKnownFileType = sourcecode.cpp.cpp; name = EngineGLFWInitializer.cpp; path = Core/EngineGLFWInitializer.cpp; sourceTree = "<group>"; };
		EA88A0511E776D1700A2B9B6 /* EngineGLFWInitializer.h */ = {isa = PBXFileReference; fileEncoding = 4; lastKnownFileType = sourcecode.c.h; name = EngineGLFWInitializer.h; path = Core/EngineGLFWInitializer.h; sourceTree = "<group>"; };
		EA88A0541E7779C100A2B9B6 /* EngineObjectPool.cpp */ = {isa = PBXFileReference; fileEncoding = 4; lastKnownFileType = sourcecode.cpp.cpp; name = EngineObjectPool.cpp; path = Core/EngineObjectPool.cpp; sourceTree = "<group>"; };
		EA88A0551E7779C100A2B9B6 /* EngineObjectPool.h */ = {isa = PBXFileReference; fileEncoding = 4; lastKnownFileType = sourcecode.c.h; name = EngineObjectPool.h; path = Core/EngineObjectPool.h; sourceTree = "<group>"; };
		EABCC9DC1E442D76008A9484 /* GameEngine */ = {isa = PBXFileReference; explicitFileType = "compiled.mach-o.executable"; includeInIndex = 0; path = GameEngine; sourceTree = BUILT_PRODUCTS_DIR; };
		EABCC9DF1E442D76008A9484 /* main.cpp */ = {isa = PBXFileReference; lastKnownFileType = sourcecode.cpp.cpp; path = main.cpp; sourceTree = "<group>"; };
		EABCC9E71E442E57008A9484 /* OpenGL.framework */ = {isa = PBXFileReference; lastKnownFileType = wrapper.framework; name = OpenGL.framework; path = System/Library/Frameworks/OpenGL.framework; sourceTree = SDKROOT; };
		EABCC9E91E4432D9008A9484 /* libglfw.3.2.dylib */ = {isa = PBXFileReference; lastKnownFileType = "compiled.mach-o.dylib"; name = libglfw.3.2.dylib; path = ../../../../../usr/local/Cellar/glfw/3.2.1/lib/libglfw.3.2.dylib; sourceTree = "<group>"; };
		EABCC9EB1E4432F2008A9484 /* libGLEW.2.0.0.dylib */ = {isa = PBXFileReference; lastKnownFileType = "compiled.mach-o.dylib"; name = libGLEW.2.0.0.dylib; path = ../../../../../usr/local/Cellar/glew/2.0.0/lib/libGLEW.2.0.0.dylib; sourceTree = "<group>"; };
/* End PBXFileReference section */

/* Begin PBXFrameworksBuildPhase section */
		EABCC9D91E442D76008A9484 /* Frameworks */ = {
			isa = PBXFrameworksBuildPhase;
			buildActionMask = 2147483647;
			files = (
				EABCC9EC1E4432F2008A9484 /* libGLEW.2.0.0.dylib in Frameworks */,
				EABCC9EA1E4432D9008A9484 /* libglfw.3.2.dylib in Frameworks */,
				EABCC9E81E442E57008A9484 /* OpenGL.framework in Frameworks */,
			);
			runOnlyForDeploymentPostprocessing = 0;
		};
/* End PBXFrameworksBuildPhase section */

/* Begin PBXGroup section */
		EABCC9D31E442D76008A9484 = {
			isa = PBXGroup;
			children = (
				EABCC9DE1E442D76008A9484 /* GameEngine */,
				EABCC9DD1E442D76008A9484 /* Products */,
				EABCC9E61E442E57008A9484 /* Frameworks */,
			);
			sourceTree = "<group>";
		};
		EABCC9DD1E442D76008A9484 /* Products */ = {
			isa = PBXGroup;
			children = (
				EABCC9DC1E442D76008A9484 /* GameEngine */,
			);
			name = Products;
			sourceTree = "<group>";
		};
		EABCC9DE1E442D76008A9484 /* GameEngine */ = {
			isa = PBXGroup;
			children = (
				EABCC9ED1E4436E4008A9484 /* Core */,
				EABCC9DF1E442D76008A9484 /* main.cpp */,
			);
			path = GameEngine;
			sourceTree = "<group>";
		};
		EABCC9E61E442E57008A9484 /* Frameworks */ = {
			isa = PBXGroup;
			children = (
				EABCC9EB1E4432F2008A9484 /* libGLEW.2.0.0.dylib */,
				EABCC9E91E4432D9008A9484 /* libglfw.3.2.dylib */,
				EABCC9E71E442E57008A9484 /* OpenGL.framework */,
			);
			name = Frameworks;
			sourceTree = "<group>";
		};
		EABCC9ED1E4436E4008A9484 /* Core */ = {
			isa = PBXGroup;
			children = (
				EA88A0501E776D1700A2B9B6 /* EngineGLFWInitializer.cpp */,
				EA88A0511E776D1700A2B9B6 /* EngineGLFWInitializer.h */,
				EA88A0541E7779C100A2B9B6 /* EngineObjectPool.cpp */,
				EA88A0551E7779C100A2B9B6 /* EngineObjectPool.h */,
			);
			name = Core;
			sourceTree = "<group>";
		};
/* End PBXGroup section */

/* Begin PBXNativeTarget section */
		EABCC9DB1E442D76008A9484 /* GameEngine */ = {
			isa = PBXNativeTarget;
			buildConfigurationList = EABCC9E31E442D76008A9484 /* Build configuration list for PBXNativeTarget "GameEngine" */;
			buildPhases = (
				EABCC9D81E442D76008A9484 /* Sources */,
				EABCC9D91E442D76008A9484 /* Frameworks */,
				EABCC9DA1E442D76008A9484 /* CopyFiles */,
			);
			buildRules = (
			);
			dependencies = (
			);
			name = GameEngine;
			productName = GameEngine;
			productReference = EABCC9DC1E442D76008A9484 /* GameEngine */;
			productType = "com.apple.product-type.tool";
		};
/* End PBXNativeTarget section */

/* Begin PBXProject section */
		EABCC9D41E442D76008A9484 /* Project object */ = {
			isa = PBXProject;
			attributes = {
				LastUpgradeCheck = 0820;
				ORGANIZATIONNAME = "Felippe Durán";
				TargetAttributes = {
					EABCC9DB1E442D76008A9484 = {
						CreatedOnToolsVersion = 8.2;
						ProvisioningStyle = Automatic;
					};
				};
			};
			buildConfigurationList = EABCC9D71E442D76008A9484 /* Build configuration list for PBXProject "GameEngine" */;
			compatibilityVersion = "Xcode 3.2";
			developmentRegion = English;
			hasScannedForEncodings = 0;
			knownRegions = (
				en,
			);
			mainGroup = EABCC9D31E442D76008A9484;
			productRefGroup = EABCC9DD1E442D76008A9484 /* Products */;
			projectDirPath = "";
			projectRoot = "";
			targets = (
				EABCC9DB1E442D76008A9484 /* GameEngine */,
			);
		};
/* End PBXProject section */

/* Begin PBXSourcesBuildPhase section */
		EABCC9D81E442D76008A9484 /* Sources */ = {
			isa = PBXSourcesBuildPhase;
			buildActionMask = 2147483647;
			files = (
				EA88A0561E7779C100A2B9B6 /* EngineObjectPool.cpp in Sources */,
				EA88A0521E776D1700A2B9B6 /* EngineGLFWInitializer.cpp in Sources */,
				EABCC9E01E442D76008A9484 /* main.cpp in Sources */,
			);
			runOnlyForDeploymentPostprocessing = 0;
		};
/* End PBXSourcesBuildPhase section */

/* Begin XCBuildConfiguration section */
		EABCC9E11E442D76008A9484 /* Debug */ = {
			isa = XCBuildConfiguration;
			buildSettings = {
				ALWAYS_SEARCH_USER_PATHS = NO;
				CLANG_ANALYZER_NONNULL = YES;
				CLANG_CXX_LANGUAGE_STANDARD = "gnu++0x";
				CLANG_CXX_LIBRARY = "libc++";
				CLANG_ENABLE_MODULES = YES;
				CLANG_ENABLE_OBJC_ARC = YES;
				CLANG_WARN_BOOL_CONVERSION = YES;
				CLANG_WARN_CONSTANT_CONVERSION = YES;
				CLANG_WARN_DIRECT_OBJC_ISA_USAGE = YES_ERROR;
				CLANG_WARN_DOCUMENTATION_COMMENTS = YES;
				CLANG_WARN_EMPTY_BODY = YES;
				CLANG_WARN_ENUM_CONVERSION = YES;
				CLANG_WARN_INFINITE_RECURSION = YES;
				CLANG_WARN_INT_CONVERSION = YES;
				CLANG_WARN_OBJC_ROOT_CLASS = YES_ERROR;
				CLANG_WARN_SUSPICIOUS_MOVE = YES;
				CLANG_WARN_UNREACHABLE_CODE = YES;
				CLANG_WARN__DUPLICATE_METHOD_MATCH = YES;
				CODE_SIGN_IDENTITY = "-";
				COPY_PHASE_STRIP = NO;
				DEBUG_INFORMATION_FORMAT = dwarf;
				ENABLE_STRICT_OBJC_MSGSEND = YES;
				ENABLE_TESTABILITY = YES;
				GCC_C_LANGUAGE_STANDARD = gnu99;
				GCC_DYNAMIC_NO_PIC = NO;
				GCC_NO_COMMON_BLOCKS = YES;
				GCC_OPTIMIZATION_LEVEL = 0;
				GCC_PREPROCESSOR_DEFINITIONS = (
					"DEBUG=1",
					"$(inherited)",
				);
				GCC_WARN_64_TO_32_BIT_CONVERSION = YES;
				GCC_WARN_ABOUT_RETURN_TYPE = YES_ERROR;
				GCC_WARN_UNDECLARED_SELECTOR = YES;
				GCC_WARN_UNINITIALIZED_AUTOS = YES_AGGRESSIVE;
				GCC_WARN_UNUSED_FUNCTION = YES;
				GCC_WARN_UNUSED_VARIABLE = YES;
				MACOSX_DEPLOYMENT_TARGET = 10.11;
				MTL_ENABLE_DEBUG_INFO = YES;
				ONLY_ACTIVE_ARCH = YES;
				SDKROOT = macosx;
			};
			name = Debug;
		};
		EABCC9E21E442D76008A9484 /* Release */ = {
			isa = XCBuildConfiguration;
			buildSettings = {
				ALWAYS_SEARCH_USER_PATHS = NO;
				CLANG_ANALYZER_NONNULL = YES;
				CLANG_CXX_LANGUAGE_STANDARD = "gnu++0x";
				CLANG_CXX_LIBRARY = "libc++";
				CLANG_ENABLE_MODULES = YES;
				CLANG_ENABLE_OBJC_ARC = YES;
				CLANG_WARN_BOOL_CONVERSION = YES;
				CLANG_WARN_CONSTANT_CONVERSION = YES;
				CLANG_WARN_DIRECT_OBJC_ISA_USAGE = YES_ERROR;
				CLANG_WARN_DOCUMENTATION_COMMENTS = YES;
				CLANG_WARN_EMPTY_BODY = YES;
				CLANG_WARN_ENUM_CONVERSION = YES;
				CLANG_WARN_INFINITE_RECURSION = YES;
				CLANG_WARN_INT_CONVERSION = YES;
				CLANG_WARN_OBJC_ROOT_CLASS = YES_ERROR;
				CLANG_WARN_SUSPICIOUS_MOVE = YES;
				CLANG_WARN_UNREACHABLE_CODE = YES;
				CLANG_WARN__DUPLICATE_METHOD_MATCH = YES;
				CODE_SIGN_IDENTITY = "-";
				COPY_PHASE_STRIP = NO;
				DEBUG_INFORMATION_FORMAT = "dwarf-with-dsym";
				ENABLE_NS_ASSERTIONS = NO;
				ENABLE_STRICT_OBJC_MSGSEND = YES;
				GCC_C_LANGUAGE_STANDARD = gnu99;
				GCC_NO_COMMON_BLOCKS = YES;
				GCC_WARN_64_TO_32_BIT_CONVERSION = YES;
				GCC_WARN_ABOUT_RETURN_TYPE = YES_ERROR;
				GCC_WARN_UNDECLARED_SELECTOR = YES;
				GCC_WARN_UNINITIALIZED_AUTOS = YES_AGGRESSIVE;
				GCC_WARN_UNUSED_FUNCTION = YES;
				GCC_WARN_UNUSED_VARIABLE = YES;
				MACOSX_DEPLOYMENT_TARGET = 10.11;
				MTL_ENABLE_DEBUG_INFO = NO;
				SDKROOT = macosx;
			};
			name = Release;
		};
		EABCC9E41E442D76008A9484 /* Debug */ = {
			isa = XCBuildConfiguration;
			buildSettings = {
				ALWAYS_SEARCH_USER_PATHS = NO;
				FRAMEWORK_SEARCH_PATHS = "";
				HEADER_SEARCH_PATHS = /usr/local/include;
				LIBRARY_SEARCH_PATHS = (
					/usr/local/Cellar/glfw/3.2.1/lib,
					/usr/local/Cellar/glew/2.0.0/lib,
				);
				PRODUCT_NAME = "$(TARGET_NAME)";
			};
			name = Debug;
		};
		EABCC9E51E442D76008A9484 /* Release */ = {
			isa = XCBuildConfiguration;
			buildSettings = {
				ALWAYS_SEARCH_USER_PATHS = NO;
				FRAMEWORK_SEARCH_PATHS = "";
				HEADER_SEARCH_PATHS = /usr/local/include;
				LIBRARY_SEARCH_PATHS = (
					/usr/local/Cellar/glfw/3.2.1/lib,
					/usr/local/Cellar/glew/2.0.0/lib,
				);
				PRODUCT_NAME = "$(TARGET_NAME)";
			};
			name = Release;
		};
/* End XCBuildConfiguration section */

/* Begin XCConfigurationList section */
		EABCC9D71E442D76008A9484 /* Build configuration list for PBXProject "GameEngine" */ = {
			isa = XCConfigurationList;
			buildConfigurations = (
				EABCC9E11E442D76008A9484 /* Debug */,
				EABCC9E21E442D76008A9484 /* Release */,
			);
			defaultConfigurationIsVisible = 0;
			defaultConfigurationName = Release;
		};
		EABCC9E31E442D76008A9484 /* Build configuration list for PBXNativeTarget "GameEngine" */ = {
			isa = XCConfigurationList;
			buildConfigurations = (
				EABCC9E41E442D76008A9484 /* Debug */,
				EABCC9E51E442D76008A9484 /* Release */,
			);
			defaultConfigurationIsVisible = 0;
		};
/* End XCConfigurationList section */
	};
	rootObject = EABCC9D41E442D76008A9484 /* Project object */;
}
