// !$*UTF8*$!
{
	archiveVersion = 1;
	classes = {
	};
	objectVersion = 46;
	objects = {

/* Begin PBXBuildFile section */
		EA0343CC21C6A105007C86C3 /* CameraSystem.cpp in Sources */ = {isa = PBXBuildFile; fileRef = EA4C8BE71F4FC5AA006C49A5 /* CameraSystem.cpp */; };
		EA0343CD21C6A105007C86C3 /* FileReader.cpp in Sources */ = {isa = PBXBuildFile; fileRef = EAD00E1C2128D800002BF92B /* FileReader.cpp */; };
		EA0343CE21C6A105007C86C3 /* MaterialLibrary.cpp in Sources */ = {isa = PBXBuildFile; fileRef = EA1B3D801F6B69C2003CEA9E /* MaterialLibrary.cpp */; };
		EA0343CF21C6A105007C86C3 /* EngineGLFWInitializer.cpp in Sources */ = {isa = PBXBuildFile; fileRef = EA88A0501E776D1700A2B9B6 /* EngineGLFWInitializer.cpp */; };
		EA0343D021C6A105007C86C3 /* Bitmap.cpp in Sources */ = {isa = PBXBuildFile; fileRef = EA8D71A61F42AD6C00FC79DE /* Bitmap.cpp */; };
		EA0343D121C6A105007C86C3 /* Camera.cpp in Sources */ = {isa = PBXBuildFile; fileRef = EA2D88B51F46A24E00ED7B8D /* Camera.cpp */; };
		EA0343D221C6A105007C86C3 /* InputCleanupSystem.cpp in Sources */ = {isa = PBXBuildFile; fileRef = EADEAAA721165C2000450F5F /* InputCleanupSystem.cpp */; };
		EA0343D321C6A105007C86C3 /* Shader.cpp in Sources */ = {isa = PBXBuildFile; fileRef = EA8D71AD1F42AD6C00FC79DE /* Shader.cpp */; };
		EA0343D421C6A105007C86C3 /* MeshLibrary.cpp in Sources */ = {isa = PBXBuildFile; fileRef = EA1B3D7D1F6B6986003CEA9E /* MeshLibrary.cpp */; };
		EA0343D521C6A105007C86C3 /* Texture.cpp in Sources */ = {isa = PBXBuildFile; fileRef = EA8D71AF1F42AD6C00FC79DE /* Texture.cpp */; };
		EA0343D621C6A105007C86C3 /* TextureLibrary.cpp in Sources */ = {isa = PBXBuildFile; fileRef = EA1B3D831F6B69D0003CEA9E /* TextureLibrary.cpp */; };
		EA0343D721C6A105007C86C3 /* Transform.cpp in Sources */ = {isa = PBXBuildFile; fileRef = EA4C8BEA1F4FCCDC006C49A5 /* Transform.cpp */; };
		EA0343D821C6A105007C86C3 /* Program.cpp in Sources */ = {isa = PBXBuildFile; fileRef = EA8D71AB1F42AD6C00FC79DE /* Program.cpp */; };
		EA0343D921C6A105007C86C3 /* ShaderManager.cpp in Sources */ = {isa = PBXBuildFile; fileRef = EAFE822C1EC95F79007C5743 /* ShaderManager.cpp */; };
		EA0343DA21C6A105007C86C3 /* EntitySorter.cpp in Sources */ = {isa = PBXBuildFile; fileRef = EACB6DAD2145EE200092AF4F /* EntitySorter.cpp */; };
		EA0343DB21C6A105007C86C3 /* TransformSystem.cpp in Sources */ = {isa = PBXBuildFile; fileRef = EA4C8BED1F4FDDDB006C49A5 /* TransformSystem.cpp */; };
		EA0343DC21C6A105007C86C3 /* KeyboardInputSystem.cpp in Sources */ = {isa = PBXBuildFile; fileRef = EA135B89211F3BD900C6C231 /* KeyboardInputSystem.cpp */; };
		EA0343DD21C6A105007C86C3 /* tiny_obj_loader.cc in Sources */ = {isa = PBXBuildFile; fileRef = EADEAA9A2115E79500450F5F /* tiny_obj_loader.cc */; };
		EA0343DE21C6A105007C86C3 /* Material.cpp in Sources */ = {isa = PBXBuildFile; fileRef = EA8F22BF1F5504B70012AED5 /* Material.cpp */; };
		EA0343DF21C6A105007C86C3 /* InputHandler.cpp in Sources */ = {isa = PBXBuildFile; fileRef = EA4C8BF11F51D1D1006C49A5 /* InputHandler.cpp */; };
		EA0343E021C6A105007C86C3 /* Mesh.cpp in Sources */ = {isa = PBXBuildFile; fileRef = EAD00E24212A4F5E002BF92B /* Mesh.cpp */; };
		EA0343E121C6A105007C86C3 /* Engine.cpp in Sources */ = {isa = PBXBuildFile; fileRef = EA1980201F3FCF9C00350E7F /* Engine.cpp */; };
		EA0343E321C6A105007C86C3 /* libglfw.3.3.dylib in Frameworks */ = {isa = PBXBuildFile; fileRef = EA19801C1F3FBFE800350E7F /* libglfw.3.3.dylib */; };
		EA0343E421C6A105007C86C3 /* libGLEW.2.0.0.dylib in Frameworks */ = {isa = PBXBuildFile; fileRef = EABCC9EB1E4432F2008A9484 /* libGLEW.2.0.0.dylib */; };
		EA0343E521C6A105007C86C3 /* OpenGL.framework in Frameworks */ = {isa = PBXBuildFile; fileRef = EABCC9E71E442E57008A9484 /* OpenGL.framework */; };
		EA0343F421C6A1D9007C86C3 /* Transform.h in Headers */ = {isa = PBXBuildFile; fileRef = EA16ABBE1F40A0DA0030FF64 /* Transform.h */; };
		EA0343F521C6A1E4007C86C3 /* ShaderManager.h in Headers */ = {isa = PBXBuildFile; fileRef = EAFE822D1EC95F79007C5743 /* ShaderManager.h */; };
		EA0343F621C6A1E4007C86C3 /* MeshLibrary.h in Headers */ = {isa = PBXBuildFile; fileRef = EA1B3D7E1F6B6986003CEA9E /* MeshLibrary.h */; };
		EA0343F721C6A1E4007C86C3 /* MaterialLibrary.h in Headers */ = {isa = PBXBuildFile; fileRef = EA1B3D811F6B69C2003CEA9E /* MaterialLibrary.h */; };
		EA0343F821C6A1E4007C86C3 /* TextureLibrary.h in Headers */ = {isa = PBXBuildFile; fileRef = EA1B3D841F6B69D0003CEA9E /* TextureLibrary.h */; };
		EA0343F921C6A1ED007C86C3 /* FileReader.h in Headers */ = {isa = PBXBuildFile; fileRef = EAD00E1B2128D800002BF92B /* FileReader.h */; };
		EA0343FA21C6A1ED007C86C3 /* FileWriter.h in Headers */ = {isa = PBXBuildFile; fileRef = EAD00E1E2128D843002BF92B /* FileWriter.h */; };
		EA0343FB21C6A1ED007C86C3 /* EntitySorter.h in Headers */ = {isa = PBXBuildFile; fileRef = EACB6DAC2145EE200092AF4F /* EntitySorter.h */; };
		EA0343FC21C6A1F4007C86C3 /* TransformSystem.h in Headers */ = {isa = PBXBuildFile; fileRef = EA16ABBF1F40A78E0030FF64 /* TransformSystem.h */; };
		EA0343FD21C6A1F4007C86C3 /* CameraSystem.h in Headers */ = {isa = PBXBuildFile; fileRef = EA4C8BE81F4FC5AA006C49A5 /* CameraSystem.h */; };
		EA0343FE21C6A1F4007C86C3 /* InputCleanupSystem.h in Headers */ = {isa = PBXBuildFile; fileRef = EADEAAA621165C2000450F5F /* InputCleanupSystem.h */; };
		EA0343FF21C6A1F4007C86C3 /* KeyboardInputSystem.h in Headers */ = {isa = PBXBuildFile; fileRef = EA135B88211F3BD900C6C231 /* KeyboardInputSystem.h */; };
		EA0CF8E521C69F1E0032A8DD /* FileWriter.cpp in Sources */ = {isa = PBXBuildFile; fileRef = EAD00E1F2128D843002BF92B /* FileWriter.cpp */; };
		EA0CF8E721C69F440032A8DD /* vertex_shader.glsl in CopyFiles */ = {isa = PBXBuildFile; fileRef = EA091A4A1E88CA220044C3A1 /* vertex_shader.glsl */; };
		EA0CF8E821C69F4A0032A8DD /* fragment_shader.glsl in CopyFiles */ = {isa = PBXBuildFile; fileRef = EA091A491E88CA220044C3A1 /* fragment_shader.glsl */; };
		EA2DABFD21DABA1A009D050D /* Engine.h in Headers */ = {isa = PBXBuildFile; fileRef = EA1980211F3FCF9C00350E7F /* Engine.h */; };
		EA6D4D1122222EA40060247A /* DirectionalLight.cpp in Sources */ = {isa = PBXBuildFile; fileRef = EA6D4D1022222EA40060247A /* DirectionalLight.cpp */; };
		EA6D4D1322230BFC0060247A /* MeshRenderer.cpp in Sources */ = {isa = PBXBuildFile; fileRef = EA6D4D1222230BFC0060247A /* MeshRenderer.cpp */; };
		EA806E75222D764600D1300F /* libimgui.a in Frameworks */ = {isa = PBXBuildFile; fileRef = EA806E74222D764600D1300F /* libimgui.a */; };
		EA806E83222D839F00D1300F /* librttr_core_d.0.9.7.dylib in Frameworks */ = {isa = PBXBuildFile; fileRef = EA806E82222D839F00D1300F /* librttr_core_d.0.9.7.dylib */; };
		EA806E84222D83B400D1300F /* librttr_core_d.0.9.7.dylib in CopyFiles */ = {isa = PBXBuildFile; fileRef = EA806E82222D839F00D1300F /* librttr_core_d.0.9.7.dylib */; };
		EA806E93222E1B0600D1300F /* format.cpp in Sources */ = {isa = PBXBuildFile; fileRef = EA806E91222E1B0600D1300F /* format.cpp */; };
		EA806E94222E1B0600D1300F /* format.h in Headers */ = {isa = PBXBuildFile; fileRef = EA806E92222E1B0600D1300F /* format.h */; };
		EA8BE55D21C8858D0023A6E6 /* libEntityXLibrary.dylib in Frameworks */ = {isa = PBXBuildFile; fileRef = EA8BE55C21C8858D0023A6E6 /* libEntityXLibrary.dylib */; };
		EAD5639E2288CB690093CC80 /* PointLight.h in Headers */ = {isa = PBXBuildFile; fileRef = EAD5639C2288CB690093CC80 /* PointLight.h */; };
		EAD5639F2288CB690093CC80 /* PointLight.cpp in Sources */ = {isa = PBXBuildFile; fileRef = EAD5639D2288CB690093CC80 /* PointLight.cpp */; };
		EAD563A22288CB780093CC80 /* SpotLight.h in Headers */ = {isa = PBXBuildFile; fileRef = EAD563A02288CB780093CC80 /* SpotLight.h */; };
		EAD563A32288CB780093CC80 /* SpotLight.cpp in Sources */ = {isa = PBXBuildFile; fileRef = EAD563A12288CB780093CC80 /* SpotLight.cpp */; };
		EAD563A62288D7000093CC80 /* AmbientLight.h in Headers */ = {isa = PBXBuildFile; fileRef = EAD563A42288D7000093CC80 /* AmbientLight.h */; };
		EAD563A72288D7000093CC80 /* AmbientLight.cpp in Sources */ = {isa = PBXBuildFile; fileRef = EAD563A52288D7000093CC80 /* AmbientLight.cpp */; };
/* End PBXBuildFile section */

/* Begin PBXCopyFilesBuildPhase section */
		EA0CF8E621C69F330032A8DD /* CopyFiles */ = {
			isa = PBXCopyFilesBuildPhase;
			buildActionMask = 2147483647;
			dstPath = "";
			dstSubfolderSpec = 16;
			files = (
				EA0CF8E821C69F4A0032A8DD /* fragment_shader.glsl in CopyFiles */,
				EA0CF8E721C69F440032A8DD /* vertex_shader.glsl in CopyFiles */,
			);
			runOnlyForDeploymentPostprocessing = 0;
		};
		EA806E7D222D7A2400D1300F /* CopyFiles */ = {
			isa = PBXCopyFilesBuildPhase;
			buildActionMask = 2147483647;
			dstPath = "";
			dstSubfolderSpec = 16;
			files = (
				EA806E84222D83B400D1300F /* librttr_core_d.0.9.7.dylib in CopyFiles */,
			);
			runOnlyForDeploymentPostprocessing = 0;
		};
/* End PBXCopyFilesBuildPhase section */

/* Begin PBXFileReference section */
		EA091A491E88CA220044C3A1 /* fragment_shader.glsl */ = {isa = PBXFileReference; fileEncoding = 4; lastKnownFileType = text; path = fragment_shader.glsl; sourceTree = "<group>"; };
		EA091A4A1E88CA220044C3A1 /* vertex_shader.glsl */ = {isa = PBXFileReference; fileEncoding = 4; lastKnownFileType = text; path = vertex_shader.glsl; sourceTree = "<group>"; };
		EA0CF8DF21C69EC30032A8DD /* libGameEngine.dylib */ = {isa = PBXFileReference; explicitFileType = "compiled.mach-o.dylib"; includeInIndex = 0; path = libGameEngine.dylib; sourceTree = BUILT_PRODUCTS_DIR; };
		EA135B88211F3BD900C6C231 /* KeyboardInputSystem.h */ = {isa = PBXFileReference; lastKnownFileType = sourcecode.c.h; name = KeyboardInputSystem.h; path = Core/Systems/KeyboardInputSystem.h; sourceTree = "<group>"; };
		EA135B89211F3BD900C6C231 /* KeyboardInputSystem.cpp */ = {isa = PBXFileReference; lastKnownFileType = sourcecode.cpp.cpp; name = KeyboardInputSystem.cpp; path = Core/Systems/KeyboardInputSystem.cpp; sourceTree = "<group>"; };
		EA135B95211FBCFF00C6C231 /* DirectionalLight.h */ = {isa = PBXFileReference; lastKnownFileType = sourcecode.c.h; path = DirectionalLight.h; sourceTree = "<group>"; };
		EA16ABBE1F40A0DA0030FF64 /* Transform.h */ = {isa = PBXFileReference; lastKnownFileType = sourcecode.c.h; name = Transform.h; path = Core/Components/Transform.h; sourceTree = "<group>"; };
		EA16ABBF1F40A78E0030FF64 /* TransformSystem.h */ = {isa = PBXFileReference; lastKnownFileType = sourcecode.c.h; name = TransformSystem.h; path = Core/Systems/TransformSystem.h; sourceTree = "<group>"; };
		EA19801C1F3FBFE800350E7F /* libglfw.3.3.dylib */ = {isa = PBXFileReference; lastKnownFileType = "compiled.mach-o.dylib"; name = libglfw.3.3.dylib; path = "../../../../../usr/local/Cellar/glfw/HEAD-3ee7f8f/lib/libglfw.3.3.dylib"; sourceTree = "<group>"; };
		EA1980201F3FCF9C00350E7F /* Engine.cpp */ = {isa = PBXFileReference; lastKnownFileType = sourcecode.cpp.cpp; name = Engine.cpp; path = Core/Engine.cpp; sourceTree = "<group>"; };
		EA1980211F3FCF9C00350E7F /* Engine.h */ = {isa = PBXFileReference; lastKnownFileType = sourcecode.c.h; name = Engine.h; path = Core/Engine.h; sourceTree = "<group>"; };
		EA1B3D7D1F6B6986003CEA9E /* MeshLibrary.cpp */ = {isa = PBXFileReference; lastKnownFileType = sourcecode.cpp.cpp; path = MeshLibrary.cpp; sourceTree = "<group>"; };
		EA1B3D7E1F6B6986003CEA9E /* MeshLibrary.h */ = {isa = PBXFileReference; lastKnownFileType = sourcecode.c.h; path = MeshLibrary.h; sourceTree = "<group>"; };
		EA1B3D801F6B69C2003CEA9E /* MaterialLibrary.cpp */ = {isa = PBXFileReference; lastKnownFileType = sourcecode.cpp.cpp; path = MaterialLibrary.cpp; sourceTree = "<group>"; };
		EA1B3D811F6B69C2003CEA9E /* MaterialLibrary.h */ = {isa = PBXFileReference; lastKnownFileType = sourcecode.c.h; path = MaterialLibrary.h; sourceTree = "<group>"; };
		EA1B3D831F6B69D0003CEA9E /* TextureLibrary.cpp */ = {isa = PBXFileReference; lastKnownFileType = sourcecode.cpp.cpp; path = TextureLibrary.cpp; sourceTree = "<group>"; };
		EA1B3D841F6B69D0003CEA9E /* TextureLibrary.h */ = {isa = PBXFileReference; lastKnownFileType = sourcecode.c.h; path = TextureLibrary.h; sourceTree = "<group>"; };
		EA1B3D881F6B6EDD003CEA9E /* tiny_obj_loader.h */ = {isa = PBXFileReference; fileEncoding = 4; lastKnownFileType = sourcecode.c.h; path = tiny_obj_loader.h; sourceTree = "<group>"; };
		EA2D88B41F469F7400ED7B8D /* Camera.h */ = {isa = PBXFileReference; lastKnownFileType = sourcecode.c.h; name = Camera.h; path = Core/Components/Camera.h; sourceTree = "<group>"; };
		EA2D88B51F46A24E00ED7B8D /* Camera.cpp */ = {isa = PBXFileReference; lastKnownFileType = sourcecode.cpp.cpp; name = Camera.cpp; path = Core/Components/Camera.cpp; sourceTree = "<group>"; };
		EA4C8BE71F4FC5AA006C49A5 /* CameraSystem.cpp */ = {isa = PBXFileReference; lastKnownFileType = sourcecode.cpp.cpp; name = CameraSystem.cpp; path = Core/Systems/CameraSystem.cpp; sourceTree = "<group>"; };
		EA4C8BE81F4FC5AA006C49A5 /* CameraSystem.h */ = {isa = PBXFileReference; lastKnownFileType = sourcecode.c.h; name = CameraSystem.h; path = Core/Systems/CameraSystem.h; sourceTree = "<group>"; };
		EA4C8BEA1F4FCCDC006C49A5 /* Transform.cpp */ = {isa = PBXFileReference; lastKnownFileType = sourcecode.cpp.cpp; name = Transform.cpp; path = Core/Components/Transform.cpp; sourceTree = "<group>"; };
		EA4C8BED1F4FDDDB006C49A5 /* TransformSystem.cpp */ = {isa = PBXFileReference; lastKnownFileType = sourcecode.cpp.cpp; name = TransformSystem.cpp; path = Core/Systems/TransformSystem.cpp; sourceTree = "<group>"; };
		EA4C8BF11F51D1D1006C49A5 /* InputHandler.cpp */ = {isa = PBXFileReference; lastKnownFileType = sourcecode.cpp.cpp; name = InputHandler.cpp; path = Core/InputHandler.cpp; sourceTree = "<group>"; };
		EA4C8BF21F51D1D1006C49A5 /* InputHandler.h */ = {isa = PBXFileReference; lastKnownFileType = sourcecode.c.h; name = InputHandler.h; path = Core/InputHandler.h; sourceTree = "<group>"; };
		EA6D4D0F222202700060247A /* MetadataType.h */ = {isa = PBXFileReference; lastKnownFileType = sourcecode.c.h; path = MetadataType.h; sourceTree = "<group>"; };
		EA6D4D1022222EA40060247A /* DirectionalLight.cpp */ = {isa = PBXFileReference; lastKnownFileType = sourcecode.cpp.cpp; path = DirectionalLight.cpp; sourceTree = "<group>"; };
		EA6D4D1222230BFC0060247A /* MeshRenderer.cpp */ = {isa = PBXFileReference; lastKnownFileType = sourcecode.cpp.cpp; name = MeshRenderer.cpp; path = Core/Components/MeshRenderer.cpp; sourceTree = "<group>"; };
		EA806E74222D764600D1300F /* libimgui.a */ = {isa = PBXFileReference; explicitFileType = archive.ar; path = libimgui.a; sourceTree = BUILT_PRODUCTS_DIR; };
		EA806E82222D839F00D1300F /* librttr_core_d.0.9.7.dylib */ = {isa = PBXFileReference; lastKnownFileType = "compiled.mach-o.dylib"; name = librttr_core_d.0.9.7.dylib; path = rttr/install/lib/librttr_core_d.0.9.7.dylib; sourceTree = "<group>"; };
		EA806E91222E1B0600D1300F /* format.cpp */ = {isa = PBXFileReference; fileEncoding = 4; lastKnownFileType = sourcecode.cpp.cpp; path = format.cpp; sourceTree = "<group>"; };
		EA806E92222E1B0600D1300F /* format.h */ = {isa = PBXFileReference; fileEncoding = 4; lastKnownFileType = sourcecode.c.h; path = format.h; sourceTree = "<group>"; };
		EA88A0501E776D1700A2B9B6 /* EngineGLFWInitializer.cpp */ = {isa = PBXFileReference; fileEncoding = 4; lastKnownFileType = sourcecode.cpp.cpp; name = EngineGLFWInitializer.cpp; path = Core/EngineGLFWInitializer.cpp; sourceTree = "<group>"; };
		EA88A0511E776D1700A2B9B6 /* EngineGLFWInitializer.h */ = {isa = PBXFileReference; fileEncoding = 4; lastKnownFileType = sourcecode.c.h; name = EngineGLFWInitializer.h; path = Core/EngineGLFWInitializer.h; sourceTree = "<group>"; };
		EA88A0671E78CAE800A2B9B6 /* PrefixHeader.pch */ = {isa = PBXFileReference; lastKnownFileType = sourcecode.c.h; path = PrefixHeader.pch; sourceTree = "<group>"; };
		EA8BE55C21C8858D0023A6E6 /* libEntityXLibrary.dylib */ = {isa = PBXFileReference; explicitFileType = "compiled.mach-o.dylib"; path = libEntityXLibrary.dylib; sourceTree = BUILT_PRODUCTS_DIR; };
		EA8D71A61F42AD6C00FC79DE /* Bitmap.cpp */ = {isa = PBXFileReference; fileEncoding = 4; lastKnownFileType = sourcecode.cpp.cpp; path = Bitmap.cpp; sourceTree = "<group>"; };
		EA8D71A71F42AD6C00FC79DE /* Bitmap.h */ = {isa = PBXFileReference; fileEncoding = 4; lastKnownFileType = sourcecode.c.h; path = Bitmap.h; sourceTree = "<group>"; };
		EA8D71AB1F42AD6C00FC79DE /* Program.cpp */ = {isa = PBXFileReference; fileEncoding = 4; lastKnownFileType = sourcecode.cpp.cpp; path = Program.cpp; sourceTree = "<group>"; };
		EA8D71AC1F42AD6C00FC79DE /* Program.h */ = {isa = PBXFileReference; fileEncoding = 4; lastKnownFileType = sourcecode.c.h; path = Program.h; sourceTree = "<group>"; };
		EA8D71AD1F42AD6C00FC79DE /* Shader.cpp */ = {isa = PBXFileReference; fileEncoding = 4; lastKnownFileType = sourcecode.cpp.cpp; path = Shader.cpp; sourceTree = "<group>"; };
		EA8D71AE1F42AD6C00FC79DE /* Shader.h */ = {isa = PBXFileReference; fileEncoding = 4; lastKnownFileType = sourcecode.c.h; path = Shader.h; sourceTree = "<group>"; };
		EA8D71AF1F42AD6C00FC79DE /* Texture.cpp */ = {isa = PBXFileReference; fileEncoding = 4; lastKnownFileType = sourcecode.cpp.cpp; path = Texture.cpp; sourceTree = "<group>"; };
		EA8D71B01F42AD6C00FC79DE /* Texture.h */ = {isa = PBXFileReference; fileEncoding = 4; lastKnownFileType = sourcecode.c.h; path = Texture.h; sourceTree = "<group>"; };
		EA8F22BD1F54FECC0012AED5 /* MeshRenderer.h */ = {isa = PBXFileReference; lastKnownFileType = sourcecode.c.h; name = MeshRenderer.h; path = Core/Components/MeshRenderer.h; sourceTree = "<group>"; };
		EA8F22BF1F5504B70012AED5 /* Material.cpp */ = {isa = PBXFileReference; lastKnownFileType = sourcecode.cpp.cpp; name = Material.cpp; path = Core/Rendering/Material.cpp; sourceTree = "<group>"; };
		EA8F22C01F5504B70012AED5 /* Material.h */ = {isa = PBXFileReference; lastKnownFileType = sourcecode.c.h; name = Material.h; path = Core/Rendering/Material.h; sourceTree = "<group>"; };
		EABCC9E71E442E57008A9484 /* OpenGL.framework */ = {isa = PBXFileReference; lastKnownFileType = wrapper.framework; name = OpenGL.framework; path = System/Library/Frameworks/OpenGL.framework; sourceTree = SDKROOT; };
		EABCC9E91E4432D9008A9484 /* libglfw.3.2.dylib */ = {isa = PBXFileReference; lastKnownFileType = "compiled.mach-o.dylib"; name = libglfw.3.2.dylib; path = ../../../../../usr/local/Cellar/glfw/3.2.1/lib/libglfw.3.2.dylib; sourceTree = "<group>"; };
		EABCC9EB1E4432F2008A9484 /* libGLEW.2.0.0.dylib */ = {isa = PBXFileReference; lastKnownFileType = "compiled.mach-o.dylib"; name = libGLEW.2.0.0.dylib; path = ../../../../../usr/local/Cellar/glew/2.0.0/lib/libGLEW.2.0.0.dylib; sourceTree = "<group>"; };
		EACB6DAC2145EE200092AF4F /* EntitySorter.h */ = {isa = PBXFileReference; lastKnownFileType = sourcecode.c.h; path = EntitySorter.h; sourceTree = "<group>"; };
		EACB6DAD2145EE200092AF4F /* EntitySorter.cpp */ = {isa = PBXFileReference; lastKnownFileType = sourcecode.cpp.cpp; path = EntitySorter.cpp; sourceTree = "<group>"; };
		EAD00E1A2128CCD8002BF92B /* Name.h */ = {isa = PBXFileReference; lastKnownFileType = sourcecode.c.h; name = Name.h; path = Core/Components/Name.h; sourceTree = "<group>"; };
		EAD00E1B2128D800002BF92B /* FileReader.h */ = {isa = PBXFileReference; lastKnownFileType = sourcecode.c.h; path = FileReader.h; sourceTree = "<group>"; };
		EAD00E1C2128D800002BF92B /* FileReader.cpp */ = {isa = PBXFileReference; lastKnownFileType = sourcecode.cpp.cpp; path = FileReader.cpp; sourceTree = "<group>"; };
		EAD00E1E2128D843002BF92B /* FileWriter.h */ = {isa = PBXFileReference; lastKnownFileType = sourcecode.c.h; path = FileWriter.h; sourceTree = "<group>"; };
		EAD00E1F2128D843002BF92B /* FileWriter.cpp */ = {isa = PBXFileReference; lastKnownFileType = sourcecode.cpp.cpp; path = FileWriter.cpp; sourceTree = "<group>"; };
		EAD00E22212A4F41002BF92B /* Submesh.h */ = {isa = PBXFileReference; lastKnownFileType = sourcecode.c.h; name = Submesh.h; path = Core/Rendering/Submesh.h; sourceTree = "<group>"; };
		EAD00E23212A4F5E002BF92B /* Mesh.h */ = {isa = PBXFileReference; fileEncoding = 4; lastKnownFileType = sourcecode.c.h; name = Mesh.h; path = Core/Rendering/Mesh.h; sourceTree = "<group>"; };
		EAD00E24212A4F5E002BF92B /* Mesh.cpp */ = {isa = PBXFileReference; fileEncoding = 4; lastKnownFileType = sourcecode.cpp.cpp; name = Mesh.cpp; path = Core/Rendering/Mesh.cpp; sourceTree = "<group>"; };
		EAD5639C2288CB690093CC80 /* PointLight.h */ = {isa = PBXFileReference; lastKnownFileType = sourcecode.c.h; path = PointLight.h; sourceTree = "<group>"; };
		EAD5639D2288CB690093CC80 /* PointLight.cpp */ = {isa = PBXFileReference; lastKnownFileType = sourcecode.cpp.cpp; path = PointLight.cpp; sourceTree = "<group>"; };
		EAD563A02288CB780093CC80 /* SpotLight.h */ = {isa = PBXFileReference; lastKnownFileType = sourcecode.c.h; path = SpotLight.h; sourceTree = "<group>"; };
		EAD563A12288CB780093CC80 /* SpotLight.cpp */ = {isa = PBXFileReference; lastKnownFileType = sourcecode.cpp.cpp; path = SpotLight.cpp; sourceTree = "<group>"; };
		EAD563A42288D7000093CC80 /* AmbientLight.h */ = {isa = PBXFileReference; lastKnownFileType = sourcecode.c.h; path = AmbientLight.h; sourceTree = "<group>"; };
		EAD563A52288D7000093CC80 /* AmbientLight.cpp */ = {isa = PBXFileReference; lastKnownFileType = sourcecode.cpp.cpp; path = AmbientLight.cpp; sourceTree = "<group>"; };
		EADEAA9A2115E79500450F5F /* tiny_obj_loader.cc */ = {isa = PBXFileReference; fileEncoding = 4; lastKnownFileType = sourcecode.cpp.cpp; path = tiny_obj_loader.cc; sourceTree = "<group>"; };
		EADEAAA12116510800450F5F /* KeyboardInput.h */ = {isa = PBXFileReference; lastKnownFileType = sourcecode.c.h; name = KeyboardInput.h; path = Core/Components/KeyboardInput.h; sourceTree = "<group>"; };
		EADEAAA22116515200450F5F /* MouseInput.h */ = {isa = PBXFileReference; lastKnownFileType = sourcecode.c.h; name = MouseInput.h; path = Core/Components/MouseInput.h; sourceTree = "<group>"; };
		EADEAAA32116527F00450F5F /* MouseEnter.h */ = {isa = PBXFileReference; lastKnownFileType = sourcecode.c.h; name = MouseEnter.h; path = Core/Components/MouseEnter.h; sourceTree = "<group>"; };
		EADEAAA42116529800450F5F /* MousePositionEvent.h */ = {isa = PBXFileReference; lastKnownFileType = sourcecode.c.h; name = MousePositionEvent.h; path = Core/Components/MousePositionEvent.h; sourceTree = "<group>"; };
		EADEAAA521165B5000450F5F /* MouseScrollPositionEvent.h */ = {isa = PBXFileReference; lastKnownFileType = sourcecode.c.h; name = MouseScrollPositionEvent.h; path = Core/Components/MouseScrollPositionEvent.h; sourceTree = "<group>"; };
		EADEAAA621165C2000450F5F /* InputCleanupSystem.h */ = {isa = PBXFileReference; lastKnownFileType = sourcecode.c.h; name = InputCleanupSystem.h; path = Core/Systems/InputCleanupSystem.h; sourceTree = "<group>"; };
		EADEAAA721165C2000450F5F /* InputCleanupSystem.cpp */ = {isa = PBXFileReference; lastKnownFileType = sourcecode.cpp.cpp; name = InputCleanupSystem.cpp; path = Core/Systems/InputCleanupSystem.cpp; sourceTree = "<group>"; };
		EAF8685521E2BD1D0097308A /* EngineInterface.h */ = {isa = PBXFileReference; lastKnownFileType = sourcecode.c.h; name = EngineInterface.h; path = Core/EngineInterface.h; sourceTree = "<group>"; };
		EAFB15DB1E8B60740026EC1B /* slot_map.h */ = {isa = PBXFileReference; fileEncoding = 4; lastKnownFileType = sourcecode.c.h; name = slot_map.h; path = Core/CustomContainers/slot_map.h; sourceTree = "<group>"; };
		EAFE822C1EC95F79007C5743 /* ShaderManager.cpp */ = {isa = PBXFileReference; fileEncoding = 4; lastKnownFileType = sourcecode.cpp.cpp; path = ShaderManager.cpp; sourceTree = "<group>"; };
		EAFE822D1EC95F79007C5743 /* ShaderManager.h */ = {isa = PBXFileReference; fileEncoding = 4; lastKnownFileType = sourcecode.c.h; path = ShaderManager.h; sourceTree = "<group>"; };
/* End PBXFileReference section */

/* Begin PBXFrameworksBuildPhase section */
		EA0CF8DD21C69EC30032A8DD /* Frameworks */ = {
			isa = PBXFrameworksBuildPhase;
			buildActionMask = 2147483647;
			files = (
				EA806E83222D839F00D1300F /* librttr_core_d.0.9.7.dylib in Frameworks */,
				EA806E75222D764600D1300F /* libimgui.a in Frameworks */,
				EA8BE55D21C8858D0023A6E6 /* libEntityXLibrary.dylib in Frameworks */,
				EA0343E321C6A105007C86C3 /* libglfw.3.3.dylib in Frameworks */,
				EA0343E421C6A105007C86C3 /* libGLEW.2.0.0.dylib in Frameworks */,
				EA0343E521C6A105007C86C3 /* OpenGL.framework in Frameworks */,
			);
			runOnlyForDeploymentPostprocessing = 0;
		};
/* End PBXFrameworksBuildPhase section */

/* Begin PBXGroup section */
		EA091A481E88CA220044C3A1 /* Shaders */ = {
			isa = PBXGroup;
			children = (
				EA091A491E88CA220044C3A1 /* fragment_shader.glsl */,
				EA091A4A1E88CA220044C3A1 /* vertex_shader.glsl */,
			);
			path = Shaders;
			sourceTree = "<group>";
		};
		EA16ABBC1F40A0980030FF64 /* Components */ = {
			isa = PBXGroup;
			children = (
				EAD5639B2288CB4A0093CC80 /* Lighting */,
				EA4C8BEA1F4FCCDC006C49A5 /* Transform.cpp */,
				EA16ABBE1F40A0DA0030FF64 /* Transform.h */,
				EA2D88B51F46A24E00ED7B8D /* Camera.cpp */,
				EA2D88B41F469F7400ED7B8D /* Camera.h */,
				EA6D4D1222230BFC0060247A /* MeshRenderer.cpp */,
				EA8F22BD1F54FECC0012AED5 /* MeshRenderer.h */,
				EADEAAA12116510800450F5F /* KeyboardInput.h */,
				EADEAAA22116515200450F5F /* MouseInput.h */,
				EADEAAA32116527F00450F5F /* MouseEnter.h */,
				EADEAAA42116529800450F5F /* MousePositionEvent.h */,
				EADEAAA521165B5000450F5F /* MouseScrollPositionEvent.h */,
				EAD00E1A2128CCD8002BF92B /* Name.h */,
			);
			name = Components;
			sourceTree = "<group>";
		};
		EA16ABBD1F40A0A20030FF64 /* Systems */ = {
			isa = PBXGroup;
			children = (
				EA4C8BED1F4FDDDB006C49A5 /* TransformSystem.cpp */,
				EA16ABBF1F40A78E0030FF64 /* TransformSystem.h */,
				EA4C8BE71F4FC5AA006C49A5 /* CameraSystem.cpp */,
				EA4C8BE81F4FC5AA006C49A5 /* CameraSystem.h */,
				EADEAAA621165C2000450F5F /* InputCleanupSystem.h */,
				EADEAAA721165C2000450F5F /* InputCleanupSystem.cpp */,
				EA135B88211F3BD900C6C231 /* KeyboardInputSystem.h */,
				EA135B89211F3BD900C6C231 /* KeyboardInputSystem.cpp */,
			);
			name = Systems;
			sourceTree = "<group>";
		};
		EA1B3D7C1F6B692D003CEA9E /* ResourceManagement */ = {
			isa = PBXGroup;
			children = (
				EAFE822C1EC95F79007C5743 /* ShaderManager.cpp */,
				EAFE822D1EC95F79007C5743 /* ShaderManager.h */,
				EA1B3D7D1F6B6986003CEA9E /* MeshLibrary.cpp */,
				EA1B3D7E1F6B6986003CEA9E /* MeshLibrary.h */,
				EA1B3D801F6B69C2003CEA9E /* MaterialLibrary.cpp */,
				EA1B3D811F6B69C2003CEA9E /* MaterialLibrary.h */,
				EA1B3D831F6B69D0003CEA9E /* TextureLibrary.cpp */,
				EA1B3D841F6B69D0003CEA9E /* TextureLibrary.h */,
			);
			path = ResourceManagement;
			sourceTree = "<group>";
		};
		EA1B3D861F6B6EDD003CEA9E /* tinyobjloader */ = {
			isa = PBXGroup;
			children = (
				EA1B3D881F6B6EDD003CEA9E /* tiny_obj_loader.h */,
				EADEAA9A2115E79500450F5F /* tiny_obj_loader.cc */,
			);
			path = tinyobjloader;
			sourceTree = "<group>";
		};
		EA806E90222E1B0600D1300F /* StringFormat */ = {
			isa = PBXGroup;
			children = (
				EA806E91222E1B0600D1300F /* format.cpp */,
				EA806E92222E1B0600D1300F /* format.h */,
			);
			path = StringFormat;
			sourceTree = "<group>";
		};
		EA8D71A21F42AD6C00FC79DE /* thirdparty */ = {
			isa = PBXGroup;
			children = (
				EA1B3D861F6B6EDD003CEA9E /* tinyobjloader */,
				EA8D71A51F42AD6C00FC79DE /* tdogl */,
			);
			path = thirdparty;
			sourceTree = "<group>";
		};
		EA8D71A51F42AD6C00FC79DE /* tdogl */ = {
			isa = PBXGroup;
			children = (
				EA8D71A61F42AD6C00FC79DE /* Bitmap.cpp */,
				EA8D71A71F42AD6C00FC79DE /* Bitmap.h */,
				EA8D71AB1F42AD6C00FC79DE /* Program.cpp */,
				EA8D71AC1F42AD6C00FC79DE /* Program.h */,
				EA8D71AD1F42AD6C00FC79DE /* Shader.cpp */,
				EA8D71AE1F42AD6C00FC79DE /* Shader.h */,
				EA8D71AF1F42AD6C00FC79DE /* Texture.cpp */,
				EA8D71B01F42AD6C00FC79DE /* Texture.h */,
			);
			path = tdogl;
			sourceTree = "<group>";
		};
		EA8F22C51F55246F0012AED5 /* Utils */ = {
			isa = PBXGroup;
			children = (
				EAD00E1B2128D800002BF92B /* FileReader.h */,
				EAD00E1C2128D800002BF92B /* FileReader.cpp */,
				EAD00E1E2128D843002BF92B /* FileWriter.h */,
				EAD00E1F2128D843002BF92B /* FileWriter.cpp */,
				EACB6DAC2145EE200092AF4F /* EntitySorter.h */,
				EACB6DAD2145EE200092AF4F /* EntitySorter.cpp */,
				EA6D4D0F222202700060247A /* MetadataType.h */,
			);
			name = Utils;
			path = Core/Utils;
			sourceTree = "<group>";
		};
		EABCC9D31E442D76008A9484 = {
			isa = PBXGroup;
			children = (
				EABCC9DE1E442D76008A9484 /* GameEngine */,
				EABCC9DD1E442D76008A9484 /* Products */,
				EABCC9E61E442E57008A9484 /* Frameworks */,
			);
			sourceTree = "<group>";
		};
		EABCC9DD1E442D76008A9484 /* Products */ = {
			isa = PBXGroup;
			children = (
				EA0CF8DF21C69EC30032A8DD /* libGameEngine.dylib */,
			);
			name = Products;
			sourceTree = "<group>";
		};
		EABCC9DE1E442D76008A9484 /* GameEngine */ = {
			isa = PBXGroup;
			children = (
				EA8D71A21F42AD6C00FC79DE /* thirdparty */,
				EABCC9ED1E4436E4008A9484 /* Core */,
				EA88A0671E78CAE800A2B9B6 /* PrefixHeader.pch */,
			);
			path = GameEngine;
			sourceTree = "<group>";
		};
		EABCC9E61E442E57008A9484 /* Frameworks */ = {
			isa = PBXGroup;
			children = (
				EA806E82222D839F00D1300F /* librttr_core_d.0.9.7.dylib */,
				EA806E74222D764600D1300F /* libimgui.a */,
				EA8BE55C21C8858D0023A6E6 /* libEntityXLibrary.dylib */,
				EA19801C1F3FBFE800350E7F /* libglfw.3.3.dylib */,
				EABCC9EB1E4432F2008A9484 /* libGLEW.2.0.0.dylib */,
				EABCC9E91E4432D9008A9484 /* libglfw.3.2.dylib */,
				EABCC9E71E442E57008A9484 /* OpenGL.framework */,
			);
			name = Frameworks;
			sourceTree = "<group>";
		};
		EABCC9ED1E4436E4008A9484 /* Core */ = {
			isa = PBXGroup;
			children = (
				EA091A481E88CA220044C3A1 /* Shaders */,
				EA1B3D7C1F6B692D003CEA9E /* ResourceManagement */,
				EA8F22C51F55246F0012AED5 /* Utils */,
				EA16ABBD1F40A0A20030FF64 /* Systems */,
				EA16ABBC1F40A0980030FF64 /* Components */,
				EAFB15DA1E8B602C0026EC1B /* CustomContainers */,
				EAFE82251EC95E54007C5743 /* Rendering */,
				EA88A0501E776D1700A2B9B6 /* EngineGLFWInitializer.cpp */,
				EA88A0511E776D1700A2B9B6 /* EngineGLFWInitializer.h */,
				EA1980201F3FCF9C00350E7F /* Engine.cpp */,
				EA1980211F3FCF9C00350E7F /* Engine.h */,
				EA4C8BF11F51D1D1006C49A5 /* InputHandler.cpp */,
				EA4C8BF21F51D1D1006C49A5 /* InputHandler.h */,
				EAF8685521E2BD1D0097308A /* EngineInterface.h */,
			);
			name = Core;
			sourceTree = "<group>";
		};
		EAD5639B2288CB4A0093CC80 /* Lighting */ = {
			isa = PBXGroup;
			children = (
				EA6D4D1022222EA40060247A /* DirectionalLight.cpp */,
				EA135B95211FBCFF00C6C231 /* DirectionalLight.h */,
				EAD5639C2288CB690093CC80 /* PointLight.h */,
				EAD5639D2288CB690093CC80 /* PointLight.cpp */,
				EAD563A02288CB780093CC80 /* SpotLight.h */,
				EAD563A12288CB780093CC80 /* SpotLight.cpp */,
				EAD563A42288D7000093CC80 /* AmbientLight.h */,
				EAD563A52288D7000093CC80 /* AmbientLight.cpp */,
			);
			path = Lighting;
			sourceTree = "<group>";
		};
		EAFB15DA1E8B602C0026EC1B /* CustomContainers */ = {
			isa = PBXGroup;
			children = (
				EAFB15DB1E8B60740026EC1B /* slot_map.h */,
			);
			name = CustomContainers;
			sourceTree = "<group>";
		};
		EAFE82251EC95E54007C5743 /* Rendering */ = {
			isa = PBXGroup;
			children = (
				EAD00E24212A4F5E002BF92B /* Mesh.cpp */,
				EAD00E23212A4F5E002BF92B /* Mesh.h */,
				EA8F22BF1F5504B70012AED5 /* Material.cpp */,
				EA8F22C01F5504B70012AED5 /* Material.h */,
				EAD00E22212A4F41002BF92B /* Submesh.h */,
			);
			name = Rendering;
			sourceTree = "<group>";
		};
/* End PBXGroup section */

/* Begin PBXHeadersBuildPhase section */
		EA0CF8DB21C69EC30032A8DD /* Headers */ = {
			isa = PBXHeadersBuildPhase;
			buildActionMask = 2147483647;
			files = (
				EA2DABFD21DABA1A009D050D /* Engine.h in Headers */,
				EA0343FD21C6A1F4007C86C3 /* CameraSystem.h in Headers */,
				EA0343FB21C6A1ED007C86C3 /* EntitySorter.h in Headers */,
				EA0343F421C6A1D9007C86C3 /* Transform.h in Headers */,
				EA0343FE21C6A1F4007C86C3 /* InputCleanupSystem.h in Headers */,
				EAD563A22288CB780093CC80 /* SpotLight.h in Headers */,
				EA0343FA21C6A1ED007C86C3 /* FileWriter.h in Headers */,
				EA0343FC21C6A1F4007C86C3 /* TransformSystem.h in Headers */,
				EA806E94222E1B0600D1300F /* format.h in Headers */,
				EA0343F921C6A1ED007C86C3 /* FileReader.h in Headers */,
				EA0343F821C6A1E4007C86C3 /* TextureLibrary.h in Headers */,
				EA0343F621C6A1E4007C86C3 /* MeshLibrary.h in Headers */,
				EA0343FF21C6A1F4007C86C3 /* KeyboardInputSystem.h in Headers */,
				EA0343F521C6A1E4007C86C3 /* ShaderManager.h in Headers */,
				EA0343F721C6A1E4007C86C3 /* MaterialLibrary.h in Headers */,
				EAD5639E2288CB690093CC80 /* PointLight.h in Headers */,
				EAD563A62288D7000093CC80 /* AmbientLight.h in Headers */,
			);
			runOnlyForDeploymentPostprocessing = 0;
		};
/* End PBXHeadersBuildPhase section */

/* Begin PBXNativeTarget section */
		EA0CF8DE21C69EC30032A8DD /* GameEngine */ = {
			isa = PBXNativeTarget;
			buildConfigurationList = EA0CF8E021C69EC30032A8DD /* Build configuration list for PBXNativeTarget "GameEngine" */;
			buildPhases = (
				EA806E7D222D7A2400D1300F /* CopyFiles */,
				EA0CF8DB21C69EC30032A8DD /* Headers */,
				EA0CF8DC21C69EC30032A8DD /* Sources */,
				EA0CF8DD21C69EC30032A8DD /* Frameworks */,
				EA0CF8E621C69F330032A8DD /* CopyFiles */,
			);
			buildRules = (
			);
			dependencies = (
			);
			name = GameEngine;
			productName = GameEngineLibrary;
			productReference = EA0CF8DF21C69EC30032A8DD /* libGameEngine.dylib */;
			productType = "com.apple.product-type.library.dynamic";
		};
/* End PBXNativeTarget section */

/* Begin PBXProject section */
		EABCC9D41E442D76008A9484 /* Project object */ = {
			isa = PBXProject;
			attributes = {
				LastUpgradeCheck = 0820;
				ORGANIZATIONNAME = "Felippe Durán";
				TargetAttributes = {
					EA0CF8DE21C69EC30032A8DD = {
						CreatedOnToolsVersion = 10.0;
						ProvisioningStyle = Automatic;
					};
				};
			};
			buildConfigurationList = EABCC9D71E442D76008A9484 /* Build configuration list for PBXProject "GameEngine" */;
			compatibilityVersion = "Xcode 3.2";
			developmentRegion = English;
			hasScannedForEncodings = 0;
			knownRegions = (
				en,
			);
			mainGroup = EABCC9D31E442D76008A9484;
			productRefGroup = EABCC9DD1E442D76008A9484 /* Products */;
			projectDirPath = "";
			projectRoot = "";
			targets = (
				EA0CF8DE21C69EC30032A8DD /* GameEngine */,
			);
		};
/* End PBXProject section */

/* Begin PBXSourcesBuildPhase section */
		EA0CF8DC21C69EC30032A8DD /* Sources */ = {
			isa = PBXSourcesBuildPhase;
			buildActionMask = 2147483647;
			files = (
				EA0CF8E521C69F1E0032A8DD /* FileWriter.cpp in Sources */,
				EA0343CC21C6A105007C86C3 /* CameraSystem.cpp in Sources */,
				EA0343CD21C6A105007C86C3 /* FileReader.cpp in Sources */,
				EA0343CE21C6A105007C86C3 /* MaterialLibrary.cpp in Sources */,
				EA0343CF21C6A105007C86C3 /* EngineGLFWInitializer.cpp in Sources */,
				EA0343D021C6A105007C86C3 /* Bitmap.cpp in Sources */,
				EA0343D121C6A105007C86C3 /* Camera.cpp in Sources */,
				EA0343D221C6A105007C86C3 /* InputCleanupSystem.cpp in Sources */,
				EA6D4D1122222EA40060247A /* DirectionalLight.cpp in Sources */,
				EA0343D321C6A105007C86C3 /* Shader.cpp in Sources */,
				EA0343D421C6A105007C86C3 /* MeshLibrary.cpp in Sources */,
				EA0343D521C6A105007C86C3 /* Texture.cpp in Sources */,
				EA0343D621C6A105007C86C3 /* TextureLibrary.cpp in Sources */,
				EA0343D721C6A105007C86C3 /* Transform.cpp in Sources */,
				EA0343D821C6A105007C86C3 /* Program.cpp in Sources */,
				EA0343D921C6A105007C86C3 /* ShaderManager.cpp in Sources */,
				EA0343DA21C6A105007C86C3 /* EntitySorter.cpp in Sources */,
				EA0343DB21C6A105007C86C3 /* TransformSystem.cpp in Sources */,
				EA6D4D1322230BFC0060247A /* MeshRenderer.cpp in Sources */,
				EA0343DC21C6A105007C86C3 /* KeyboardInputSystem.cpp in Sources */,
				EA0343DD21C6A105007C86C3 /* tiny_obj_loader.cc in Sources */,
				EA806E93222E1B0600D1300F /* format.cpp in Sources */,
				EA0343DE21C6A105007C86C3 /* Material.cpp in Sources */,
				EA0343DF21C6A105007C86C3 /* InputHandler.cpp in Sources */,
				EAD563A72288D7000093CC80 /* AmbientLight.cpp in Sources */,
				EAD5639F2288CB690093CC80 /* PointLight.cpp in Sources */,
				EAD563A32288CB780093CC80 /* SpotLight.cpp in Sources */,
				EA0343E021C6A105007C86C3 /* Mesh.cpp in Sources */,
				EA0343E121C6A105007C86C3 /* Engine.cpp in Sources */,
			);
			runOnlyForDeploymentPostprocessing = 0;
		};
/* End PBXSourcesBuildPhase section */

/* Begin XCBuildConfiguration section */
		EA0CF8E121C69EC30032A8DD /* Debug */ = {
			isa = XCBuildConfiguration;
			buildSettings = {
				CLANG_ANALYZER_NUMBER_OBJECT_CONVERSION = YES_AGGRESSIVE;
				CLANG_CXX_LANGUAGE_STANDARD = "c++0x";
				CLANG_ENABLE_OBJC_WEAK = YES;
				CLANG_WARN_BLOCK_CAPTURE_AUTORELEASING = YES;
				CLANG_WARN_COMMA = YES;
				CLANG_WARN_DEPRECATED_OBJC_IMPLEMENTATIONS = YES;
				CLANG_WARN_NON_LITERAL_NULL_CONVERSION = YES;
				CLANG_WARN_OBJC_IMPLICIT_RETAIN_SELF = YES;
				CLANG_WARN_OBJC_LITERAL_CONVERSION = YES;
				CLANG_WARN_RANGE_LOOP_ANALYSIS = YES;
				CLANG_WARN_STRICT_PROTOTYPES = YES;
				CLANG_WARN_UNGUARDED_AVAILABILITY = YES_AGGRESSIVE;
				CODE_SIGN_IDENTITY = "";
				CODE_SIGN_STYLE = Automatic;
				DEVELOPMENT_TEAM = "";
				DYLIB_COMPATIBILITY_VERSION = 1;
				DYLIB_CURRENT_VERSION = 1;
				DYLIB_INSTALL_NAME_BASE = .;
				EXECUTABLE_PREFIX = lib;
				GCC_C_LANGUAGE_STANDARD = "compiler-default";
				GCC_INLINES_ARE_PRIVATE_EXTERN = NO;
				GCC_PRECOMPILE_PREFIX_HEADER = YES;
				GCC_PREFIX_HEADER = GameEngine/PrefixHeader.pch;
				HEADER_SEARCH_PATHS = (
					/usr/local/include,
					"$(SRCROOT)/entityx/entityx",
					"$(SRCROOT)/entityx",
					"$(SRCROOT)/GameEngine/thirdparty/**",
					"$(SRCROOT)/imgui/**",
					"$(SRCROOT)/rttr/install/include",
				);
				LIBRARY_SEARCH_PATHS = (
					/usr/local/Cellar/glfw/3.2.1/lib,
					/usr/local/Cellar/glew/2.0.0/lib,
					"/usr/local/Cellar/glfw/HEAD-3ee7f8f/lib",
					"$(PROJECT_DIR)/rttr/install/lib",
					"$(PROJECT_DIR)",
				);
				MACOSX_DEPLOYMENT_TARGET = 10.13;
				MTL_ENABLE_DEBUG_INFO = INCLUDE_SOURCE;
				PRODUCT_NAME = "$(TARGET_NAME)";
				SKIP_INSTALL = YES;
			};
			name = Debug;
		};
		EA0CF8E221C69EC30032A8DD /* Release */ = {
			isa = XCBuildConfiguration;
			buildSettings = {
				CLANG_ANALYZER_NUMBER_OBJECT_CONVERSION = YES_AGGRESSIVE;
				CLANG_CXX_LANGUAGE_STANDARD = "c++0x";
				CLANG_ENABLE_OBJC_WEAK = YES;
				CLANG_WARN_BLOCK_CAPTURE_AUTORELEASING = YES;
				CLANG_WARN_COMMA = YES;
				CLANG_WARN_DEPRECATED_OBJC_IMPLEMENTATIONS = YES;
				CLANG_WARN_NON_LITERAL_NULL_CONVERSION = YES;
				CLANG_WARN_OBJC_IMPLICIT_RETAIN_SELF = YES;
				CLANG_WARN_OBJC_LITERAL_CONVERSION = YES;
				CLANG_WARN_RANGE_LOOP_ANALYSIS = YES;
				CLANG_WARN_STRICT_PROTOTYPES = YES;
				CLANG_WARN_UNGUARDED_AVAILABILITY = YES_AGGRESSIVE;
				CODE_SIGN_IDENTITY = "";
				CODE_SIGN_STYLE = Automatic;
				DEVELOPMENT_TEAM = "";
				DYLIB_COMPATIBILITY_VERSION = 1;
				DYLIB_CURRENT_VERSION = 1;
				DYLIB_INSTALL_NAME_BASE = .;
				EXECUTABLE_PREFIX = lib;
				GCC_C_LANGUAGE_STANDARD = "compiler-default";
				GCC_INLINES_ARE_PRIVATE_EXTERN = NO;
				GCC_PRECOMPILE_PREFIX_HEADER = YES;
				GCC_PREFIX_HEADER = GameEngine/PrefixHeader.pch;
				HEADER_SEARCH_PATHS = (
					/usr/local/include,
					"$(SRCROOT)/entityx/entityx",
					"$(SRCROOT)/entityx",
					"$(SRCROOT)/GameEngine/thirdparty/**",
					"$(SRCROOT)/imgui/**",
					"$(SRCROOT)/rttr/install/include",
				);
				LIBRARY_SEARCH_PATHS = (
					/usr/local/Cellar/glfw/3.2.1/lib,
					/usr/local/Cellar/glew/2.0.0/lib,
					"/usr/local/Cellar/glfw/HEAD-3ee7f8f/lib",
					"$(PROJECT_DIR)/rttr/install/lib",
					"$(PROJECT_DIR)",
				);
				MACOSX_DEPLOYMENT_TARGET = 10.13;
				PRODUCT_NAME = "$(TARGET_NAME)";
				SKIP_INSTALL = YES;
			};
			name = Release;
		};
		EABCC9E11E442D76008A9484 /* Debug */ = {
			isa = XCBuildConfiguration;
			buildSettings = {
				ALWAYS_SEARCH_USER_PATHS = NO;
				CLANG_ANALYZER_NONNULL = YES;
				CLANG_CXX_LANGUAGE_STANDARD = "gnu++0x";
				CLANG_CXX_LIBRARY = "libc++";
				CLANG_ENABLE_MODULES = YES;
				CLANG_ENABLE_OBJC_ARC = YES;
				CLANG_WARN_BOOL_CONVERSION = YES;
				CLANG_WARN_CONSTANT_CONVERSION = YES;
				CLANG_WARN_DIRECT_OBJC_ISA_USAGE = YES_ERROR;
				CLANG_WARN_DOCUMENTATION_COMMENTS = YES;
				CLANG_WARN_EMPTY_BODY = YES;
				CLANG_WARN_ENUM_CONVERSION = YES;
				CLANG_WARN_INFINITE_RECURSION = YES;
				CLANG_WARN_INT_CONVERSION = YES;
				CLANG_WARN_OBJC_ROOT_CLASS = YES_ERROR;
				CLANG_WARN_SUSPICIOUS_MOVE = YES;
				CLANG_WARN_UNREACHABLE_CODE = YES;
				CLANG_WARN__DUPLICATE_METHOD_MATCH = YES;
				CODE_SIGN_IDENTITY = "-";
				COPY_PHASE_STRIP = NO;
				DEBUG_INFORMATION_FORMAT = dwarf;
				ENABLE_STRICT_OBJC_MSGSEND = YES;
				ENABLE_TESTABILITY = YES;
				GCC_C_LANGUAGE_STANDARD = gnu99;
				GCC_DYNAMIC_NO_PIC = NO;
				GCC_NO_COMMON_BLOCKS = YES;
				GCC_OPTIMIZATION_LEVEL = 0;
				GCC_PREPROCESSOR_DEFINITIONS = (
					"DEBUG=1",
					"$(inherited)",
				);
				GCC_WARN_64_TO_32_BIT_CONVERSION = YES;
				GCC_WARN_ABOUT_RETURN_TYPE = YES_ERROR;
				GCC_WARN_UNDECLARED_SELECTOR = YES;
				GCC_WARN_UNINITIALIZED_AUTOS = YES_AGGRESSIVE;
				GCC_WARN_UNUSED_FUNCTION = YES;
				GCC_WARN_UNUSED_VARIABLE = YES;
				MACOSX_DEPLOYMENT_TARGET = 10.11;
				MTL_ENABLE_DEBUG_INFO = YES;
				ONLY_ACTIVE_ARCH = YES;
				SDKROOT = macosx;
			};
			name = Debug;
		};
		EABCC9E21E442D76008A9484 /* Release */ = {
			isa = XCBuildConfiguration;
			buildSettings = {
				ALWAYS_SEARCH_USER_PATHS = NO;
				CLANG_ANALYZER_NONNULL = YES;
				CLANG_CXX_LANGUAGE_STANDARD = "gnu++0x";
				CLANG_CXX_LIBRARY = "libc++";
				CLANG_ENABLE_MODULES = YES;
				CLANG_ENABLE_OBJC_ARC = YES;
				CLANG_WARN_BOOL_CONVERSION = YES;
				CLANG_WARN_CONSTANT_CONVERSION = YES;
				CLANG_WARN_DIRECT_OBJC_ISA_USAGE = YES_ERROR;
				CLANG_WARN_DOCUMENTATION_COMMENTS = YES;
				CLANG_WARN_EMPTY_BODY = YES;
				CLANG_WARN_ENUM_CONVERSION = YES;
				CLANG_WARN_INFINITE_RECURSION = YES;
				CLANG_WARN_INT_CONVERSION = YES;
				CLANG_WARN_OBJC_ROOT_CLASS = YES_ERROR;
				CLANG_WARN_SUSPICIOUS_MOVE = YES;
				CLANG_WARN_UNREACHABLE_CODE = YES;
				CLANG_WARN__DUPLICATE_METHOD_MATCH = YES;
				CODE_SIGN_IDENTITY = "-";
				COPY_PHASE_STRIP = NO;
				DEBUG_INFORMATION_FORMAT = "dwarf-with-dsym";
				ENABLE_NS_ASSERTIONS = NO;
				ENABLE_STRICT_OBJC_MSGSEND = YES;
				GCC_C_LANGUAGE_STANDARD = gnu99;
				GCC_NO_COMMON_BLOCKS = YES;
				GCC_WARN_64_TO_32_BIT_CONVERSION = YES;
				GCC_WARN_ABOUT_RETURN_TYPE = YES_ERROR;
				GCC_WARN_UNDECLARED_SELECTOR = YES;
				GCC_WARN_UNINITIALIZED_AUTOS = YES_AGGRESSIVE;
				GCC_WARN_UNUSED_FUNCTION = YES;
				GCC_WARN_UNUSED_VARIABLE = YES;
				MACOSX_DEPLOYMENT_TARGET = 10.11;
				MTL_ENABLE_DEBUG_INFO = NO;
				SDKROOT = macosx;
			};
			name = Release;
		};
/* End XCBuildConfiguration section */

/* Begin XCConfigurationList section */
		EA0CF8E021C69EC30032A8DD /* Build configuration list for PBXNativeTarget "GameEngine" */ = {
			isa = XCConfigurationList;
			buildConfigurations = (
				EA0CF8E121C69EC30032A8DD /* Debug */,
				EA0CF8E221C69EC30032A8DD /* Release */,
			);
			defaultConfigurationIsVisible = 0;
			defaultConfigurationName = Release;
		};
		EABCC9D71E442D76008A9484 /* Build configuration list for PBXProject "GameEngine" */ = {
			isa = XCConfigurationList;
			buildConfigurations = (
				EABCC9E11E442D76008A9484 /* Debug */,
				EABCC9E21E442D76008A9484 /* Release */,
			);
			defaultConfigurationIsVisible = 0;
			defaultConfigurationName = Release;
		};
/* End XCConfigurationList section */
	};
	rootObject = EABCC9D41E442D76008A9484 /* Project object */;
}
